{
  "name": "ajs-platforms2",
  "version": "1.0.0",
  "lockfileVersion": 1,
  "requires": true,
  "dependencies": {
    "@deizee/ajs-platforms": {
      "version": "1.0.0",
      "resolved": "https://npm.pkg.github.com/download/@deizee/ajs-platforms/1.0.0/93fca9c8b6abd5785cd8aa807783435172e7eeeae2211889ab0af3b46845171c",
      "integrity": "sha512-bRXmSePSARpEwDFf+JO4nakoD8g3w2tEF3JCy6aFl27b/odJmCFKxgq8Npw0/Vzxa5rzmm1LAtDK0ankqS1o6g=="
    }
  }
}
